
Microsoft Visual Studio Solution File, Format Version 12.00
# Visual Studio Version 17
VisualStudioVersion = 17.4.33403.182
MinimumVisualStudioVersion = 10.0.40219.1
Project("{FAE04EC0-301F-11D3-BF4B-00C04F79EFBC}") = "MySQL CRUD", "MySQL CRUD\MySQL CRUD.csproj", "{935BEC0D-56E0-4A4A-8860-8FDDE2C6C342}"
EndProject
Global
	GlobalSection(SolutionConfigurationPlatforms) = preSolution
		Debug|Any CPU = Debug|Any CPU
		Release|Any CPU = Release|Any CPU
	EndGlobalSection
	GlobalSection(ProjectConfigurationPlatforms) = postSolution
		{935BEC0D-56E0-4A4A-8860-8FDDE2C6C342}.Debug|Any CPU.ActiveCfg = Debug|Any CPU
		{935BEC0D-56E0-4A4A-8860-8FDDE2C6C342}.Debug|Any CPU.Build.0 = Debug|Any CPU
		{935BEC0D-56E0-4A4A-8860-8FDDE2C6C342}.Release|Any CPU.ActiveCfg = Release|Any CPU
		{935BEC0D-56E0-4A4A-8860-8FDDE2C6C342}.Release|Any CPU.Build.0 = Release|Any CPU
	EndGlobalSection
	GlobalSection(SolutionProperties) = preSolution
		HideSolutionNode = FALSE
	EndGlobalSection
	GlobalSection(ExtensibilityGlobals) = postSolution
		SolutionGuid = {727A9060-0A1D-4086-B601-43EBFE9962C8}
	EndGlobalSection
EndGlobal
